{
  "name": "cassandra",
  "version": "1.0.0",
  "lockfileVersion": 1,
  "requires": true,
  "dependencies": {
    "cassandra-driver": {
      "version": "3.6.0",
      "resolved": "https://registry.npmjs.org/cassandra-driver/-/cassandra-driver-3.6.0.tgz",
      "integrity": "sha512-CkN3V+oPaF5RvakUjD3uUjEm8f6U8S0aT1+YqeQsVT3UDpPT2K8SOdNDEHA1KjamakHch6zkDgHph1xWyqBGGw==",
      "requires": {
        "long": "^2.2.0"
      }
    },
    "long": {
      "version": "2.4.0",
      "resolved": "https://registry.npmjs.org/long/-/long-2.4.0.tgz",
      "integrity": "sha1-n6GAux2VAM3CnEFWdmoZleH0Uk8="
    }
  }
}
